
Microsoft Visual Studio Solution File, Format Version 11.00
# Visual Studio 2010
Project("{FAE04EC0-301F-11D3-BF4B-00C04F79EFBC}") = "Assembly-CSharp", "Assembly-CSharp.csproj", "{b8cd74af-646c-21c4-bafa-056ac110daa5}"
EndProject
Project("{FAE04EC0-301F-11D3-BF4B-00C04F79EFBC}") = "Assembly-CSharp-firstpass", "Assembly-CSharp-firstpass.csproj", "{a5130ee8-716b-da09-18c2-7e2a56e61721}"
EndProject
Global
	GlobalSection(SolutionConfigurationPlatforms) = preSolution
		Debug|Any CPU = Debug|Any CPU
	EndGlobalSection
	GlobalSection(ProjectConfigurationPlatforms) = postSolution
		{b8cd74af-646c-21c4-bafa-056ac110daa5}.Debug|Any CPU.ActiveCfg = Debug|Any CPU
		{b8cd74af-646c-21c4-bafa-056ac110daa5}.Debug|Any CPU.Build.0 = Debug|Any CPU
		{a5130ee8-716b-da09-18c2-7e2a56e61721}.Debug|Any CPU.ActiveCfg = Debug|Any CPU
		{a5130ee8-716b-da09-18c2-7e2a56e61721}.Debug|Any CPU.Build.0 = Debug|Any CPU
	EndGlobalSection
	GlobalSection(SolutionProperties) = preSolution
		HideSolutionNode = FALSE
	EndGlobalSection
EndGlobal
